// !$*UTF8*$!
{
	archiveVersion = 1;
	classes = {
	};
	objectVersion = 46;
	objects = {

/* Begin PBXBuildFile section */
		7544DE011F2E141D000145CC /* VideoCell.m in Sources */ = {isa = PBXBuildFile; fileRef = 7544DE001F2E141D000145CC /* VideoCell.m */; };
		7544DE051F2E1AF9000145CC /* Video.m in Sources */ = {isa = PBXBuildFile; fileRef = 7544DE041F2E1AF9000145CC /* Video.m */; };
		757D73A71F2DB6A30053A818 /* main.m in Sources */ = {isa = PBXBuildFile; fileRef = 757D73A61F2DB6A30053A818 /* main.m */; };
		757D73AA1F2DB6A30053A818 /* AppDelegate.m in Sources */ = {isa = PBXBuildFile; fileRef = 757D73A91F2DB6A30053A818 /* AppDelegate.m */; };
		757D73AD1F2DB6A30053A818 /* ViewController.m in Sources */ = {isa = PBXBuildFile; fileRef = 757D73AC1F2DB6A30053A818 /* ViewController.m */; };
		757D73B01F2DB6A30053A818 /* Main.storyboard in Resources */ = {isa = PBXBuildFile; fileRef = 757D73AE1F2DB6A30053A818 /* Main.storyboard */; };
		757D73B21F2DB6A30053A818 /* Assets.xcassets in Resources */ = {isa = PBXBuildFile; fileRef = 757D73B11F2DB6A30053A818 /* Assets.xcassets */; };
		757D73B51F2DB6A30053A818 /* LaunchScreen.storyboard in Resources */ = {isa = PBXBuildFile; fileRef = 757D73B31F2DB6A30053A818 /* LaunchScreen.storyboard */; };
		757D73BF1F2DB71A0053A818 /* HTTPService.m in Sources */ = {isa = PBXBuildFile; fileRef = 757D73BE1F2DB71A0053A818 /* HTTPService.m */; };
/* End PBXBuildFile section */

/* Begin PBXFileReference section */
		7544DDFF1F2E141D000145CC /* VideoCell.h */ = {isa = PBXFileReference; fileEncoding = 4; lastKnownFileType = sourcecode.c.h; path = VideoCell.h; sourceTree = "<group>"; };
		7544DE001F2E141D000145CC /* VideoCell.m */ = {isa = PBXFileReference; fileEncoding = 4; lastKnownFileType = sourcecode.c.objc; path = VideoCell.m; sourceTree = "<group>"; };
		7544DE031F2E1AF9000145CC /* Video.h */ = {isa = PBXFileReference; fileEncoding = 4; lastKnownFileType = sourcecode.c.h; path = Video.h; sourceTree = "<group>"; };
		7544DE041F2E1AF9000145CC /* Video.m */ = {isa = PBXFileReference; fileEncoding = 4; lastKnownFileType = sourcecode.c.objc; path = Video.m; sourceTree = "<group>"; };
		757D73A21F2DB6A30053A818 /* DeveloperTutorials.app */ = {isa = PBXFileReference; explicitFileType = wrapper.application; includeInIndex = 0; path = DeveloperTutorials.app; sourceTree = BUILT_PRODUCTS_DIR; };
		757D73A61F2DB6A30053A818 /* main.m */ = {isa = PBXFileReference; lastKnownFileType = sourcecode.c.objc; path = main.m; sourceTree = "<group>"; };
		757D73A81F2DB6A30053A818 /* AppDelegate.h */ = {isa = PBXFileReference; lastKnownFileType = sourcecode.c.h; path = AppDelegate.h; sourceTree = "<group>"; };
		757D73A91F2DB6A30053A818 /* AppDelegate.m */ = {isa = PBXFileReference; lastKnownFileType = sourcecode.c.objc; path = AppDelegate.m; sourceTree = "<group>"; };
		757D73AB1F2DB6A30053A818 /* ViewController.h */ = {isa = PBXFileReference; lastKnownFileType = sourcecode.c.h; path = ViewController.h; sourceTree = "<group>"; };
		757D73AC1F2DB6A30053A818 /* ViewController.m */ = {isa = PBXFileReference; lastKnownFileType = sourcecode.c.objc; path = ViewController.m; sourceTree = "<group>"; };
		757D73AF1F2DB6A30053A818 /* Base */ = {isa = PBXFileReference; lastKnownFileType = file.storyboard; name = Base; path = Base.lproj/Main.storyboard; sourceTree = "<group>"; };
		757D73B11F2DB6A30053A818 /* Assets.xcassets */ = {isa = PBXFileReference; lastKnownFileType = folder.assetcatalog; path = Assets.xcassets; sourceTree = "<group>"; };
		757D73B41F2DB6A30053A818 /* Base */ = {isa = PBXFileReference; lastKnownFileType = file.storyboard; name = Base; path = Base.lproj/LaunchScreen.storyboard; sourceTree = "<group>"; };
		757D73B61F2DB6A30053A818 /* Info.plist */ = {isa = PBXFileReference; lastKnownFileType = text.plist.xml; path = Info.plist; sourceTree = "<group>"; };
		757D73BD1F2DB71A0053A818 /* HTTPService.h */ = {isa = PBXFileReference; fileEncoding = 4; lastKnownFileType = sourcecode.c.h; path = HTTPService.h; sourceTree = "<group>"; };
		757D73BE1F2DB71A0053A818 /* HTTPService.m */ = {isa = PBXFileReference; fileEncoding = 4; lastKnownFileType = sourcecode.c.objc; path = HTTPService.m; sourceTree = "<group>"; };
/* End PBXFileReference section */

/* Begin PBXFrameworksBuildPhase section */
		757D739F1F2DB6A30053A818 /* Frameworks */ = {
			isa = PBXFrameworksBuildPhase;
			buildActionMask = 2147483647;
			files = (
			);
			runOnlyForDeploymentPostprocessing = 0;
		};
/* End PBXFrameworksBuildPhase section */

/* Begin PBXGroup section */
		7544DDFE1F2E13F0000145CC /* View */ = {
			isa = PBXGroup;
			children = (
				7544DDFF1F2E141D000145CC /* VideoCell.h */,
				7544DE001F2E141D000145CC /* VideoCell.m */,
			);
			name = View;
			sourceTree = "<group>";
		};
		7544DE021F2E1ACD000145CC /* Model */ = {
			isa = PBXGroup;
			children = (
				7544DE031F2E1AF9000145CC /* Video.h */,
				7544DE041F2E1AF9000145CC /* Video.m */,
			);
			name = Model;
			sourceTree = "<group>";
		};
		757D73991F2DB6A30053A818 = {
			isa = PBXGroup;
			children = (
				757D73A41F2DB6A30053A818 /* DeveloperTutorials */,
				757D73A31F2DB6A30053A818 /* Products */,
			);
			sourceTree = "<group>";
		};
		757D73A31F2DB6A30053A818 /* Products */ = {
			isa = PBXGroup;
			children = (
				757D73A21F2DB6A30053A818 /* DeveloperTutorials.app */,
			);
			name = Products;
			sourceTree = "<group>";
		};
		757D73A41F2DB6A30053A818 /* DeveloperTutorials */ = {
			isa = PBXGroup;
			children = (
				7544DE021F2E1ACD000145CC /* Model */,
				7544DDFE1F2E13F0000145CC /* View */,
				757D73BC1F2DB6D80053A818 /* Services */,
				757D73A81F2DB6A30053A818 /* AppDelegate.h */,
				757D73A91F2DB6A30053A818 /* AppDelegate.m */,
				757D73AB1F2DB6A30053A818 /* ViewController.h */,
				757D73AC1F2DB6A30053A818 /* ViewController.m */,
				757D73AE1F2DB6A30053A818 /* Main.storyboard */,
				757D73B11F2DB6A30053A818 /* Assets.xcassets */,
				757D73B31F2DB6A30053A818 /* LaunchScreen.storyboard */,
				757D73B61F2DB6A30053A818 /* Info.plist */,
				757D73A51F2DB6A30053A818 /* Supporting Files */,
			);
			path = DeveloperTutorials;
			sourceTree = "<group>";
		};
		757D73A51F2DB6A30053A818 /* Supporting Files */ = {
			isa = PBXGroup;
			children = (
				757D73A61F2DB6A30053A818 /* main.m */,
			);
			name = "Supporting Files";
			sourceTree = "<group>";
		};
		757D73BC1F2DB6D80053A818 /* Services */ = {
			isa = PBXGroup;
			children = (
				757D73BD1F2DB71A0053A818 /* HTTPService.h */,
				757D73BE1F2DB71A0053A818 /* HTTPService.m */,
			);
			name = Services;
			sourceTree = "<group>";
		};
/* End PBXGroup section */

/* Begin PBXNativeTarget section */
		757D73A11F2DB6A30053A818 /* DeveloperTutorials */ = {
			isa = PBXNativeTarget;
			buildConfigurationList = 757D73B91F2DB6A30053A818 /* Build configuration list for PBXNativeTarget "DeveloperTutorials" */;
			buildPhases = (
				757D739E1F2DB6A30053A818 /* Sources */,
				757D739F1F2DB6A30053A818 /* Frameworks */,
				757D73A01F2DB6A30053A818 /* Resources */,
			);
			buildRules = (
			);
			dependencies = (
			);
			name = DeveloperTutorials;
			productName = DeveloperTutorials;
			productReference = 757D73A21F2DB6A30053A818 /* DeveloperTutorials.app */;
			productType = "com.apple.product-type.application";
		};
/* End PBXNativeTarget section */

/* Begin PBXProject section */
		757D739A1F2DB6A30053A818 /* Project object */ = {
			isa = PBXProject;
			attributes = {
				LastUpgradeCheck = 0830;
				ORGANIZATIONNAME = "Settar Hummetli";
				TargetAttributes = {
					757D73A11F2DB6A30053A818 = {
						CreatedOnToolsVersion = 8.3.3;
						DevelopmentTeam = AJ4LU8WZ2B;
						ProvisioningStyle = Automatic;
					};
				};
			};
			buildConfigurationList = 757D739D1F2DB6A30053A818 /* Build configuration list for PBXProject "DeveloperTutorials" */;
			compatibilityVersion = "Xcode 3.2";
			developmentRegion = English;
			hasScannedForEncodings = 0;
			knownRegions = (
				en,
				Base,
			);
			mainGroup = 757D73991F2DB6A30053A818;
			productRefGroup = 757D73A31F2DB6A30053A818 /* Products */;
			projectDirPath = "";
			projectRoot = "";
			targets = (
				757D73A11F2DB6A30053A818 /* DeveloperTutorials */,
			);
		};
/* End PBXProject section */

/* Begin PBXResourcesBuildPhase section */
		757D73A01F2DB6A30053A818 /* Resources */ = {
			isa = PBXResourcesBuildPhase;
			buildActionMask = 2147483647;
			files = (
				757D73B51F2DB6A30053A818 /* LaunchScreen.storyboard in Resources */,
				757D73B21F2DB6A30053A818 /* Assets.xcassets in Resources */,
				757D73B01F2DB6A30053A818 /* Main.storyboard in Resources */,
			);
			runOnlyForDeploymentPostprocessing = 0;
		};
/* End PBXResourcesBuildPhase section */

/* Begin PBXSourcesBuildPhase section */
		757D739E1F2DB6A30053A818 /* Sources */ = {
			isa = PBXSourcesBuildPhase;
			buildActionMask = 2147483647;
			files = (
				757D73AD1F2DB6A30053A818 /* ViewController.m in Sources */,
				7544DE011F2E141D000145CC /* VideoCell.m in Sources */,
				757D73BF1F2DB71A0053A818 /* HTTPService.m in Sources */,
				7544DE051F2E1AF9000145CC /* Video.m in Sources */,
				757D73AA1F2DB6A30053A818 /* AppDelegate.m in Sources */,
				757D73A71F2DB6A30053A818 /* main.m in Sources */,
			);
			runOnlyForDeploymentPostprocessing = 0;
		};
/* End PBXSourcesBuildPhase section */

/* Begin PBXVariantGroup section */
		757D73AE1F2DB6A30053A818 /* Main.storyboard */ = {
			isa = PBXVariantGroup;
			children = (
				757D73AF1F2DB6A30053A818 /* Base */,
			);
			name = Main.storyboard;
			sourceTree = "<group>";
		};
		757D73B31F2DB6A30053A818 /* LaunchScreen.storyboard */ = {
			isa = PBXVariantGroup;
			children = (
				757D73B41F2DB6A30053A818 /* Base */,
			);
			name = LaunchScreen.storyboard;
			sourceTree = "<group>";
		};
/* End PBXVariantGroup section */

/* Begin XCBuildConfiguration section */
		757D73B71F2DB6A30053A818 /* Debug */ = {
			isa = XCBuildConfiguration;
			buildSettings = {
				ALWAYS_SEARCH_USER_PATHS = NO;
				CLANG_ANALYZER_NONNULL = YES;
				CLANG_ANALYZER_NUMBER_OBJECT_CONVERSION = YES_AGGRESSIVE;
				CLANG_CXX_LANGUAGE_STANDARD = "gnu++0x";
				CLANG_CXX_LIBRARY = "libc++";
				CLANG_ENABLE_MODULES = YES;
				CLANG_ENABLE_OBJC_ARC = YES;
				CLANG_WARN_BOOL_CONVERSION = YES;
				CLANG_WARN_CONSTANT_CONVERSION = YES;
				CLANG_WARN_DIRECT_OBJC_ISA_USAGE = YES_ERROR;
				CLANG_WARN_DOCUMENTATION_COMMENTS = YES;
				CLANG_WARN_EMPTY_BODY = YES;
				CLANG_WARN_ENUM_CONVERSION = YES;
				CLANG_WARN_INFINITE_RECURSION = YES;
				CLANG_WARN_INT_CONVERSION = YES;
				CLANG_WARN_OBJC_ROOT_CLASS = YES_ERROR;
				CLANG_WARN_SUSPICIOUS_MOVE = YES;
				CLANG_WARN_UNREACHABLE_CODE = YES;
				CLANG_WARN__DUPLICATE_METHOD_MATCH = YES;
				"CODE_SIGN_IDENTITY[sdk=iphoneos*]" = "iPhone Developer";
				COPY_PHASE_STRIP = NO;
				DEBUG_INFORMATION_FORMAT = dwarf;
				ENABLE_STRICT_OBJC_MSGSEND = YES;
				ENABLE_TESTABILITY = YES;
				GCC_C_LANGUAGE_STANDARD = gnu99;
				GCC_DYNAMIC_NO_PIC = NO;
				GCC_NO_COMMON_BLOCKS = YES;
				GCC_OPTIMIZATION_LEVEL = 0;
				GCC_PREPROCESSOR_DEFINITIONS = (
					"DEBUG=1",
					"$(inherited)",
				);
				GCC_WARN_64_TO_32_BIT_CONVERSION = YES;
				GCC_WARN_ABOUT_RETURN_TYPE = YES_ERROR;
				GCC_WARN_UNDECLARED_SELECTOR = YES;
				GCC_WARN_UNINITIALIZED_AUTOS = YES_AGGRESSIVE;
				GCC_WARN_UNUSED_FUNCTION = YES;
				GCC_WARN_UNUSED_VARIABLE = YES;
				IPHONEOS_DEPLOYMENT_TARGET = 10.3;
				MTL_ENABLE_DEBUG_INFO = YES;
				ONLY_ACTIVE_ARCH = YES;
				SDKROOT = iphoneos;
				TARGETED_DEVICE_FAMILY = "1,2";
			};
			name = Debug;
		};
		757D73B81F2DB6A30053A818 /* Release */ = {
			isa = XCBuildConfiguration;
			buildSettings = {
				ALWAYS_SEARCH_USER_PATHS = NO;
				CLANG_ANALYZER_NONNULL = YES;
				CLANG_ANALYZER_NUMBER_OBJECT_CONVERSION = YES_AGGRESSIVE;
				CLANG_CXX_LANGUAGE_STANDARD = "gnu++0x";
				CLANG_CXX_LIBRARY = "libc++";
				CLANG_ENABLE_MODULES = YES;
				CLANG_ENABLE_OBJC_ARC = YES;
				CLANG_WARN_BOOL_CONVERSION = YES;
				CLANG_WARN_CONSTANT_CONVERSION = YES;
				CLANG_WARN_DIRECT_OBJC_ISA_USAGE = YES_ERROR;
				CLANG_WARN_DOCUMENTATION_COMMENTS = YES;
				CLANG_WARN_EMPTY_BODY = YES;
				CLANG_WARN_ENUM_CONVERSION = YES;
				CLANG_WARN_INFINITE_RECURSION = YES;
				CLANG_WARN_INT_CONVERSION = YES;
				CLANG_WARN_OBJC_ROOT_CLASS = YES_ERROR;
				CLANG_WARN_SUSPICIOUS_MOVE = YES;
				CLANG_WARN_UNREACHABLE_CODE = YES;
				CLANG_WARN__DUPLICATE_METHOD_MATCH = YES;
				"CODE_SIGN_IDENTITY[sdk=iphoneos*]" = "iPhone Developer";
				COPY_PHASE_STRIP = NO;
				DEBUG_INFORMATION_FORMAT = "dwarf-with-dsym";
				ENABLE_NS_ASSERTIONS = NO;
				ENABLE_STRICT_OBJC_MSGSEND = YES;
				GCC_C_LANGUAGE_STANDARD = gnu99;
				GCC_NO_COMMON_BLOCKS = YES;
				GCC_WARN_64_TO_32_BIT_CONVERSION = YES;
				GCC_WARN_ABOUT_RETURN_TYPE = YES_ERROR;
				GCC_WARN_UNDECLARED_SELECTOR = YES;
				GCC_WARN_UNINITIALIZED_AUTOS = YES_AGGRESSIVE;
				GCC_WARN_UNUSED_FUNCTION = YES;
				GCC_WARN_UNUSED_VARIABLE = YES;
				IPHONEOS_DEPLOYMENT_TARGET = 10.3;
				MTL_ENABLE_DEBUG_INFO = NO;
				SDKROOT = iphoneos;
				TARGETED_DEVICE_FAMILY = "1,2";
				VALIDATE_PRODUCT = YES;
			};
			name = Release;
		};
		757D73BA1F2DB6A30053A818 /* Debug */ = {
			isa = XCBuildConfiguration;
			buildSettings = {
				ASSETCATALOG_COMPILER_APPICON_NAME = AppIcon;
				DEVELOPMENT_TEAM = AJ4LU8WZ2B;
				INFOPLIST_FILE = DeveloperTutorials/Info.plist;
				LD_RUNPATH_SEARCH_PATHS = "$(inherited) @executable_path/Frameworks";
				PRODUCT_BUNDLE_IDENTIFIER = com.hummatli.DeveloperTutorials;
				PRODUCT_NAME = "$(TARGET_NAME)";
			};
			name = Debug;
		};
		757D73BB1F2DB6A30053A818 /* Release */ = {
			isa = XCBuildConfiguration;
			buildSettings = {
				ASSETCATALOG_COMPILER_APPICON_NAME = AppIcon;
				DEVELOPMENT_TEAM = AJ4LU8WZ2B;
				INFOPLIST_FILE = DeveloperTutorials/Info.plist;
				LD_RUNPATH_SEARCH_PATHS = "$(inherited) @executable_path/Frameworks";
				PRODUCT_BUNDLE_IDENTIFIER = com.hummatli.DeveloperTutorials;
				PRODUCT_NAME = "$(TARGET_NAME)";
			};
			name = Release;
		};
/* End XCBuildConfiguration section */

/* Begin XCConfigurationList section */
		757D739D1F2DB6A30053A818 /* Build configuration list for PBXProject "DeveloperTutorials" */ = {
			isa = XCConfigurationList;
			buildConfigurations = (
				757D73B71F2DB6A30053A818 /* Debug */,
				757D73B81F2DB6A30053A818 /* Release */,
			);
			defaultConfigurationIsVisible = 0;
			defaultConfigurationName = Release;
		};
		757D73B91F2DB6A30053A818 /* Build configuration list for PBXNativeTarget "DeveloperTutorials" */ = {
			isa = XCConfigurationList;
			buildConfigurations = (
				757D73BA1F2DB6A30053A818 /* Debug */,
				757D73BB1F2DB6A30053A818 /* Release */,
			);
			defaultConfigurationIsVisible = 0;
			defaultConfigurationName = Release;
		};
/* End XCConfigurationList section */
	};
	rootObject = 757D739A1F2DB6A30053A818 /* Project object */;
}
